
Microsoft Visual Studio Solution File, Format Version 12.00
# Visual Studio Version 16
VisualStudioVersion = 16.0.30225.117
MinimumVisualStudioVersion = 10.0.40219.1
Project("{9A19103F-16F7-4668-BE54-9A1E7A4F7556}") = "BlazorDashboardApp.Server", "BlazorDashboardApp\Server\BlazorDashboardApp.Server.csproj", "{10961BD3-1D67-4589-9415-DD3F16608D3C}"
EndProject
Project("{9A19103F-16F7-4668-BE54-9A1E7A4F7556}") = "BlazorDashboardApp.Client", "BlazorDashboardApp\Client\BlazorDashboardApp.Client.csproj", "{950AF82F-4FA2-4820-878C-B776E9DE086B}"
EndProject
Project("{9A19103F-16F7-4668-BE54-9A1E7A4F7556}") = "BlazorDashboardApp.Shared", "BlazorDashboardApp\Shared\BlazorDashboardApp.Shared.csproj", "{5E5D8B5F-510B-4218-991A-907F4F44C63B}"
EndProject
Global
	GlobalSection(SolutionConfigurationPlatforms) = preSolution
		Debug|Any CPU = Debug|Any CPU
		Release|Any CPU = Release|Any CPU
	EndGlobalSection
	GlobalSection(ProjectConfigurationPlatforms) = postSolution
		{10961BD3-1D67-4589-9415-DD3F16608D3C}.Debug|Any CPU.ActiveCfg = Debug|Any CPU
		{10961BD3-1D67-4589-9415-DD3F16608D3C}.Debug|Any CPU.Build.0 = Debug|Any CPU
		{10961BD3-1D67-4589-9415-DD3F16608D3C}.Release|Any CPU.ActiveCfg = Release|Any CPU
		{10961BD3-1D67-4589-9415-DD3F16608D3C}.Release|Any CPU.Build.0 = Release|Any CPU
		{950AF82F-4FA2-4820-878C-B776E9DE086B}.Debug|Any CPU.ActiveCfg = Debug|Any CPU
		{950AF82F-4FA2-4820-878C-B776E9DE086B}.Debug|Any CPU.Build.0 = Debug|Any CPU
		{950AF82F-4FA2-4820-878C-B776E9DE086B}.Release|Any CPU.ActiveCfg = Release|Any CPU
		{950AF82F-4FA2-4820-878C-B776E9DE086B}.Release|Any CPU.Build.0 = Release|Any CPU
		{5E5D8B5F-510B-4218-991A-907F4F44C63B}.Debug|Any CPU.ActiveCfg = Debug|Any CPU
		{5E5D8B5F-510B-4218-991A-907F4F44C63B}.Debug|Any CPU.Build.0 = Debug|Any CPU
		{5E5D8B5F-510B-4218-991A-907F4F44C63B}.Release|Any CPU.ActiveCfg = Release|Any CPU
		{5E5D8B5F-510B-4218-991A-907F4F44C63B}.Release|Any CPU.Build.0 = Release|Any CPU
	EndGlobalSection
	GlobalSection(SolutionProperties) = preSolution
		HideSolutionNode = FALSE
	EndGlobalSection
	GlobalSection(ExtensibilityGlobals) = postSolution
		SolutionGuid = {F1548BD5-BFFF-44C3-8356-481A695CE597}
	EndGlobalSection
EndGlobal
